{
  "nodes": {
    "nix-lefthook-actionlint-src": {
      "flake": false,
      "locked": {
        "lastModified": 1787320596,
        "narHash": "sha256-S470x64U4fUMIYZTU7UC/6as+fDogATlH5W9LYLhne8=",
        "owner": "pr0d1r2",
        "repo": "nix-lefthook-actionlint",
        "rev": "2ee5ae7cadefe7b342cea1cafd57e4b33622920f",
        "type": "github"
      },
      "original": {
        "owner": "pr0d1r2",
        "repo": "nix-lefthook-actionlint",
        "type": "github"
      }
    },
    "nix-lefthook-ascii-only-src": {
      "flake": false,
      "locked": {
        "lastModified": 1780828354,
        "narHash": "sha256-lOr9oBJ0vZc3tznG4W5JecqQeuHlpBMY6cFMGxPPbGo=",
        "owner": "pr0d1r2",
        "repo": "nix-lefthook-ascii-only",
        "rev": "9c4a39eb4272a1d18bada9c086d449c6198071c3",
        "type": "github"
      },
      "original": {
        "owner": "pr0d1r2",
        "repo": "nix-lefthook-ascii-only",
        "type": "github"
      }
    },
    "nix-lefthook-bats-parse-src": {
      "flake": false,
      "locked": {
        "lastModified": 1787022489,
        "narHash": "sha256-SEDhxU7VdFKL9rLOTrVCF2K5+EbIkiRCp7EbfNROVRA=",
        "owner": "pr0d1r2",
        "repo": "nix-lefthook-bats-parse",
        "rev": "24ec2d6053647ef193dd1b3ffcd370512240c842",
        "type": "github"
      },
      "original": {
        "owner": "pr0d1r2",
        "repo": "nix-lefthook-bats-parse",
        "type": "github"
      }
    },
    "nix-lefthook-bats-unit-src": {
      "flake": false,
      "locked": {
        "lastModified": 1780849239,
        "narHash": "sha256-g4OoePb0pnf3J9O/LnV/Yudq3Nq6lC3UAXI+Ebop9P0=",
        "owner": "pr0d1r2",
        "repo": "nix-lefthook-bats-unit",
        "rev": "872ed7507d20fd2f03752e8e464b4607db523e07",
        "type": "github"
      },
      "original": {
        "owner": "pr0d1r2",
        "repo": "nix-lefthook-bats-unit",
        "type": "github"
      }
    },
    "nix-lefthook-changelog-touched-src": {
      "flake": false,
      "locked": {
        "lastModified": 1780976574,
        "narHash": "sha256-HshdruryTBfaYpxcrla1crXVi6Y6q4FPgG5mFeRdrvw=",
        "owner": "pr0d1r2",
        "repo": "nix-lefthook-changelog-touched",
        "rev": "cb351d4a24117c268ec5b10c3f7a91dcbc5f5f30",
        "type": "github"
      },
      "original": {
        "owner": "pr0d1r2",
        "repo": "nix-lefthook-changelog-touched",
        "type": "github"
      }
    },
    "nix-lefthook-commit-msg-lint-src": {
      "flake": false,
      "locked": {
        "lastModified": 1780828159,
        "narHash": "sha256-zxaKDdHxCzkpOKaWlUeTUPv6daHf4kpebCKCIC5nFEg=",
        "owner": "pr0d1r2",
        "repo": "nix-lefthook-commit-msg-lint",
        "rev": "1b41e0c15d4d942b5305fb07e017f0a91ae4b6d6",
        "type": "github"
      },
      "original": {
        "owner": "pr0d1r2",
        "repo": "nix-lefthook-commit-msg-lint",
        "type": "github"
      }
    },
    "nix-lefthook-deadnix-src": {
      "flake": false,
      "locked": {
        "lastModified": 1786445342,
        "narHash": "sha256-/rlqWgozsqivPOxhMKJ/hgZrIihznM/wBRGnY9OXNXQ=",
        "owner": "pr0d1r2",
        "repo": "nix-lefthook-deadnix",
        "rev": "15a592196ba5d7013db32d2e938ccd028ac08b49",
        "type": "github"
      },
      "original": {
        "owner": "pr0d1r2",
        "repo": "nix-lefthook-deadnix",
        "type": "github"
      }
    },
    "nix-lefthook-editorconfig-checker-src": {
      "flake": false,
      "locked": {
        "lastModified": 1785941748,
        "narHash": "sha256-ZhayIL+ezx+PTun+ta2746714fsxjOe95RV0PVfSTSU=",
        "owner": "pr0d1r2",
        "repo": "nix-lefthook-editorconfig-checker",
        "rev": "ba3946defcf2be4297fb866a7ba7a359ff2b9bf4",
        "type": "github"
      },
      "original": {
        "owner": "pr0d1r2",
        "repo": "nix-lefthook-editorconfig-checker",
        "type": "github"
      }
    },
    "nix-lefthook-execute-permissions-src": {
      "flake": false,
      "locked": {
        "lastModified": 1780828108,
        "narHash": "sha256-TTYaO3f+q6Anzr4qNtuVsgnIPd4GB2M4kDqs+mKmnvw=",
        "owner": "pr0d1r2",
        "repo": "nix-lefthook-execute-permissions",
        "rev": "71cb6500c06c23fa045f58c766294fa9e4b49149",
        "type": "github"
      },
      "original": {
        "owner": "pr0d1r2",
        "repo": "nix-lefthook-execute-permissions",
        "type": "github"
      }
    },
    "nix-lefthook-file-size-check-src": {
      "flake": false,
      "locked": {
        "lastModified": 1780828050,
        "narHash": "sha256-2yK4ueOpXyXYT4hqhVYbRAAdRnlsDpQuO+XT6cR9ack=",
        "owner": "pr0d1r2",
        "repo": "nix-lefthook-file-size-check",
        "rev": "f30fa4c19aaf68f1e9ad831d2b8e62863a3b6eb0",
        "type": "github"
      },
      "original": {
        "owner": "pr0d1r2",
        "repo": "nix-lefthook-file-size-check",
        "type": "github"
      }
    },
    "nix-lefthook-git-conflict-markers-src": {
      "flake": false,
      "locked": {
        "lastModified": 1780827879,
        "narHash": "sha256-RbB+NSq5YRk53ul3e16mriGsSYdiXfnPRWQTtvdPbgI=",
        "owner": "pr0d1r2",
        "repo": "nix-lefthook-git-conflict-markers",
        "rev": "1b849829d6de0a2f26fe32d89e76c3ebce02d1c9",
        "type": "github"
      },
      "original": {
        "owner": "pr0d1r2",
        "repo": "nix-lefthook-git-conflict-markers",
        "type": "github"
      }
    },
    "nix-lefthook-git-no-local-paths-src": {
      "flake": false,
      "locked": {
        "lastModified": 1787379281,
        "narHash": "sha256-s06qfEm6xciC2HQYJuedjZvdVxVwPcRS0mPFi0NzoJQ=",
        "owner": "pr0d1r2",
        "repo": "nix-lefthook-git-no-local-paths",
        "rev": "85cd334ae101e33822b31de8e4bc79a878557182",
        "type": "github"
      },
      "original": {
        "owner": "pr0d1r2",
        "repo": "nix-lefthook-git-no-local-paths",
        "type": "github"
      }
    },
    "nix-lefthook-gitleaks-src": {
      "flake": false,
      "locked": {
        "lastModified": 1780827854,
        "narHash": "sha256-JThqt2lhPfDHL/P5+IfSpOMLCWQ/PrnGjrngHEPkWQg=",
        "owner": "pr0d1r2",
        "repo": "nix-lefthook-gitleaks",
        "rev": "198050e1aafb286036ddcf4d9c8483f01ae34689",
        "type": "github"
      },
      "original": {
        "owner": "pr0d1r2",
        "repo": "nix-lefthook-gitleaks",
        "type": "github"
      }
    },
    "nix-lefthook-linter-coverage-src": {
      "flake": false,
      "locked": {
        "lastModified": 1780976270,
        "narHash": "sha256-sfhtIOXilfMSRYupNfu4RpxIJGgaS2x9PKAkByQZ6Ro=",
        "owner": "pr0d1r2",
        "repo": "nix-lefthook-linter-coverage-full",
        "rev": "fe4793605fb84208723a135be2be40bd8d41bcf0",
        "type": "github"
      },
      "original": {
        "owner": "pr0d1r2",
        "repo": "nix-lefthook-linter-coverage-full",
        "type": "github"
      }
    },
    "nix-lefthook-markdownlint-agentic-src": {
      "flake": false,
      "locked": {
        "lastModified": 1787802790,
        "narHash": "sha256-MXvUo63RuHIG7YWC7PWpngcbtjmHWxMqJeX9w25e01w=",
        "owner": "pr0d1r2",
        "repo": "nix-lefthook-markdownlint-agentic",
        "rev": "0cff8b51c9be44be324ba6c3da246cfef47ca59a",
        "type": "github"
      },
      "original": {
        "owner": "pr0d1r2",
        "repo": "nix-lefthook-markdownlint-agentic",
        "type": "github"
      }
    },
    "nix-lefthook-markdownlint-src": {
      "flake": false,
      "locked": {
        "lastModified": 1787775512,
        "narHash": "sha256-mXYDbGCthsieRB2pqz4DK5UBRfLJdlY7dXm9qukW8/I=",
        "owner": "pr0d1r2",
        "repo": "nix-lefthook-markdownlint",
        "rev": "b1197f246506e7e182ecc13299f0bbb9f067d902",
        "type": "github"
      },
      "original": {
        "owner": "pr0d1r2",
        "repo": "nix-lefthook-markdownlint",
        "type": "github"
      }
    },
    "nix-lefthook-missing-final-newline-src": {
      "flake": false,
      "locked": {
        "lastModified": 1780832343,
        "narHash": "sha256-NAudHiYSMq0ChY6hg/PyRxhIoyANAxXWVaP47ixCiEo=",
        "owner": "pr0d1r2",
        "repo": "nix-lefthook-missing-final-newline",
        "rev": "e1b1c3d0ca0c9a4241a915d1c72fff1f3b848376",
        "type": "github"
      },
      "original": {
        "owner": "pr0d1r2",
        "repo": "nix-lefthook-missing-final-newline",
        "type": "github"
      }
    },
    "nix-lefthook-narrow-language-src": {
      "flake": false,
      "locked": {
        "lastModified": 1787036044,
        "narHash": "sha256-BRNigbFqHhpvVIr2FOJP70bLI8vcjpVEnot/XIawm5s=",
        "owner": "pr0d1r2",
        "repo": "nix-lefthook-narrow-language",
        "rev": "9e919d6914b77c78a59529b61bc9db17211ceab8",
        "type": "github"
      },
      "original": {
        "owner": "pr0d1r2",
        "repo": "nix-lefthook-narrow-language",
        "type": "github"
      }
    },
    "nix-lefthook-nix-flake-check-src": {
      "flake": false,
      "locked": {
        "lastModified": 1785300515,
        "narHash": "sha256-tMvjFFbOa0jh66zqJpHJWZVAQYrlo63iQ0tOCXhxqXk=",
        "owner": "pr0d1r2",
        "repo": "nix-lefthook-nix-flake-check",
        "rev": "363bb5792e849806870926d2c27cbaa45b5c4c1c",
        "type": "github"
      },
      "original": {
        "owner": "pr0d1r2",
        "repo": "nix-lefthook-nix-flake-check",
        "type": "github"
      }
    },
    "nix-lefthook-nix-flake-eval-src": {
      "flake": false,
      "locked": {
        "lastModified": 1780824318,
        "narHash": "sha256-vLJ6Hu1T1tSOar5cf8Vpq6LslklM0ZtIhtZR8rK+BcU=",
        "owner": "pr0d1r2",
        "repo": "nix-lefthook-nix-flake-eval",
        "rev": "a29ad8c509cc53e534831b8957bca54efded3c04",
        "type": "github"
      },
      "original": {
        "owner": "pr0d1r2",
        "repo": "nix-lefthook-nix-flake-eval",
        "type": "github"
      }
    },
    "nix-lefthook-nix-no-embedded-shell-src": {
      "flake": false,
      "locked": {
        "lastModified": 1787021036,
        "narHash": "sha256-LuihUOAsh7ACY33BfPAuTADBQrFVTQOGT4F4wxCAIFk=",
        "owner": "pr0d1r2",
        "repo": "nix-lefthook-nix-no-embedded-shell",
        "rev": "b2c862415dd32a1d62400c7d925129e83319f73f",
        "type": "github"
      },
      "original": {
        "owner": "pr0d1r2",
        "repo": "nix-lefthook-nix-no-embedded-shell",
        "type": "github"
      }
    },
    "nix-lefthook-nixfmt-src": {
      "flake": false,
      "locked": {
        "lastModified": 1785296795,
        "narHash": "sha256-BRgdgsjEaZoPj0VFVBmuTDNPaZ40FrPJukUHxlkQurU=",
        "owner": "pr0d1r2",
        "repo": "nix-lefthook-nixfmt",
        "rev": "408679c4c1e08ed862915fb091bd6349dc21d1d9",
        "type": "github"
      },
      "original": {
        "owner": "pr0d1r2",
        "repo": "nix-lefthook-nixfmt",
        "type": "github"
      }
    },
    "nix-lefthook-no-shell-functions-src": {
      "flake": false,
      "locked": {
        "lastModified": 1787803453,
        "narHash": "sha256-YNlsN3Z9gUBLi6LRppeJX4s9kd8beThFHDJ2LvLtjIw=",
        "owner": "pr0d1r2",
        "repo": "nix-lefthook-no-shell-functions",
        "rev": "32b43fe55c9cd9e9cf19afb49e3ec956c3cce328",
        "type": "github"
      },
      "original": {
        "owner": "pr0d1r2",
        "repo": "nix-lefthook-no-shell-functions",
        "type": "github"
      }
    },
    "nix-lefthook-shellcheck-src": {
      "flake": false,
      "locked": {
        "lastModified": 1780950579,
        "narHash": "sha256-yKZK8DT8jDvqzlDC99lrc4kOzjo/IHH1E21NgQhx96k=",
        "owner": "pr0d1r2",
        "repo": "nix-lefthook-shellcheck",
        "rev": "52d9501160f6f65e8e20a557a52dbb95b0a9434f",
        "type": "github"
      },
      "original": {
        "owner": "pr0d1r2",
        "repo": "nix-lefthook-shellcheck",
        "type": "github"
      }
    },
    "nix-lefthook-shfmt-src": {
      "flake": false,
      "locked": {
        "lastModified": 1787806563,
        "narHash": "sha256-2M7KWSgGDJij5eImavY4lh9wcOJNjQitFkbgVdnNbfs=",
        "owner": "pr0d1r2",
        "repo": "nix-lefthook-shfmt",
        "rev": "c84037a92e0e1fd616bbbef155b9081d4381b2d1",
        "type": "github"
      },
      "original": {
        "owner": "pr0d1r2",
        "repo": "nix-lefthook-shfmt",
        "type": "github"
      }
    },
    "nix-lefthook-statix-src": {
      "flake": false,
      "locked": {
        "lastModified": 1787010538,
        "narHash": "sha256-1kPi79ZwtFX7LC2TTr2rzsKAclWebr6TgE9jrRORIos=",
        "owner": "pr0d1r2",
        "repo": "nix-lefthook-statix",
        "rev": "216c95c0b440456eeb3293662ebdeef6ce2bc662",
        "type": "github"
      },
      "original": {
        "owner": "pr0d1r2",
        "repo": "nix-lefthook-statix",
        "type": "github"
      }
    },
    "nix-lefthook-taplo-src": {
      "flake": false,
      "locked": {
        "lastModified": 1787329697,
        "narHash": "sha256-lu2eqNWkBghT2OByRgqkNnQQul9TaolA2eE//O/xUKw=",
        "owner": "pr0d1r2",
        "repo": "nix-lefthook-taplo",
        "rev": "072b2b62f8510094e01b3e7558c56d1b7d256180",
        "type": "github"
      },
      "original": {
        "owner": "pr0d1r2",
        "repo": "nix-lefthook-taplo",
        "type": "github"
      }
    },
    "nix-lefthook-tdd-order-bats-src": {
      "flake": false,
      "locked": {
        "lastModified": 1785309008,
        "narHash": "sha256-g37iSZbsVzv7eg3I+aWUDekOseu5NlUpM9xBWB4s8yc=",
        "owner": "pr0d1r2",
        "repo": "nix-lefthook-tdd-order-bats",
        "rev": "9c1f614938ff40ad07285288098939869c2eb8e5",
        "type": "github"
      },
      "original": {
        "owner": "pr0d1r2",
        "repo": "nix-lefthook-tdd-order-bats",
        "type": "github"
      }
    },
    "nix-lefthook-trailing-whitespace-src": {
      "flake": false,
      "locked": {
        "lastModified": 1780829440,
        "narHash": "sha256-uJMmMbKxSTCTHbeyCnO8A/kNfCDKHv6e6cjZJYxpGeY=",
        "owner": "pr0d1r2",
        "repo": "nix-lefthook-trailing-whitespace",
        "rev": "5602aad490313efbc57dcea4cc13c15dfa430d3e",
        "type": "github"
      },
      "original": {
        "owner": "pr0d1r2",
        "repo": "nix-lefthook-trailing-whitespace",
        "type": "github"
      }
    },
    "nix-lefthook-typos-src": {
      "flake": false,
      "locked": {
        "lastModified": 1787024277,
        "narHash": "sha256-xGb8HFBT4m1EL53EZffAKJaGr/G5WYk7uQxa9JBJUUA=",
        "owner": "pr0d1r2",
        "repo": "nix-lefthook-typos",
        "rev": "a4fd96edcf6bbfce7e414d738959f4e5e4e60e1a",
        "type": "github"
      },
      "original": {
        "owner": "pr0d1r2",
        "repo": "nix-lefthook-typos",
        "type": "github"
      }
    },
    "nix-lefthook-unicode-lint-src": {
      "flake": false,
      "locked": {
        "lastModified": 1787018724,
        "narHash": "sha256-pTm6b4t5mutNv4IWfRzGHlqIHfl3uVM93kIea80riW8=",
        "owner": "pr0d1r2",
        "repo": "nix-lefthook-unicode-lint",
        "rev": "b260e9ff0b70a5fc1b45326781301e0ffe35fb3f",
        "type": "github"
      },
      "original": {
        "owner": "pr0d1r2",
        "repo": "nix-lefthook-unicode-lint",
        "type": "github"
      }
    },
    "nix-lefthook-yamllint-src": {
      "flake": false,
      "locked": {
        "lastModified": 1787009302,
        "narHash": "sha256-OYtl6YTL7hKckcJXM0JdfeD0LLNKJbnNz4H/EW+qj1I=",
        "owner": "pr0d1r2",
        "repo": "nix-lefthook-yamllint",
        "rev": "562f94d82b281cad6b508da7371d52fae4e2b270",
        "type": "github"
      },
      "original": {
        "owner": "pr0d1r2",
        "repo": "nix-lefthook-yamllint",
        "type": "github"
      }
    },
    "nixpkgs": {
      "locked": {
        "lastModified": 1787848966,
        "narHash": "sha256-7gDpu5hpq0rOYnYMcOWqSzquK4HA/xU8Xf3CjUBOOJA=",
        "owner": "NixOS",
        "repo": "nixpkgs",
        "rev": "d57af924f160a5084293c71c2043f058bd1cdb60",
        "type": "github"
      },
      "original": {
        "owner": "NixOS",
        "ref": "nixos-26.05",
        "repo": "nixpkgs",
        "type": "github"
      }
    },
    "nixpkgs-lock": {
      "inputs": {
        "nixpkgs": "nixpkgs"
      },
      "locked": {
        "lastModified": 1787934511,
        "narHash": "sha256-d1oJ9ZxSQOil9GamoDmhAmKsUK9SsUh61kQ1KavvtJ8=",
        "owner": "pr0d1r2",
        "repo": "nixpkgs-lock",
        "rev": "33652c3e13bdf87dfac889ff154b3d19a797c5f7",
        "type": "github"
      },
      "original": {
        "owner": "pr0d1r2",
        "repo": "nixpkgs-lock",
        "type": "github"
      }
    },
    "root": {
      "inputs": {
        "nix-lefthook-actionlint-src": "nix-lefthook-actionlint-src",
        "nix-lefthook-ascii-only-src": "nix-lefthook-ascii-only-src",
        "nix-lefthook-bats-parse-src": "nix-lefthook-bats-parse-src",
        "nix-lefthook-bats-unit-src": "nix-lefthook-bats-unit-src",
        "nix-lefthook-changelog-touched-src": "nix-lefthook-changelog-touched-src",
        "nix-lefthook-commit-msg-lint-src": "nix-lefthook-commit-msg-lint-src",
        "nix-lefthook-deadnix-src": "nix-lefthook-deadnix-src",
        "nix-lefthook-editorconfig-checker-src": "nix-lefthook-editorconfig-checker-src",
        "nix-lefthook-execute-permissions-src": "nix-lefthook-execute-permissions-src",
        "nix-lefthook-file-size-check-src": "nix-lefthook-file-size-check-src",
        "nix-lefthook-git-conflict-markers-src": "nix-lefthook-git-conflict-markers-src",
        "nix-lefthook-git-no-local-paths-src": "nix-lefthook-git-no-local-paths-src",
        "nix-lefthook-gitleaks-src": "nix-lefthook-gitleaks-src",
        "nix-lefthook-linter-coverage-src": "nix-lefthook-linter-coverage-src",
        "nix-lefthook-markdownlint-agentic-src": "nix-lefthook-markdownlint-agentic-src",
        "nix-lefthook-markdownlint-src": "nix-lefthook-markdownlint-src",
        "nix-lefthook-missing-final-newline-src": "nix-lefthook-missing-final-newline-src",
        "nix-lefthook-narrow-language-src": "nix-lefthook-narrow-language-src",
        "nix-lefthook-nix-flake-check-src": "nix-lefthook-nix-flake-check-src",
        "nix-lefthook-nix-flake-eval-src": "nix-lefthook-nix-flake-eval-src",
        "nix-lefthook-nix-no-embedded-shell-src": "nix-lefthook-nix-no-embedded-shell-src",
        "nix-lefthook-nixfmt-src": "nix-lefthook-nixfmt-src",
        "nix-lefthook-no-shell-functions-src": "nix-lefthook-no-shell-functions-src",
        "nix-lefthook-shellcheck-src": "nix-lefthook-shellcheck-src",
        "nix-lefthook-shfmt-src": "nix-lefthook-shfmt-src",
        "nix-lefthook-statix-src": "nix-lefthook-statix-src",
        "nix-lefthook-taplo-src": "nix-lefthook-taplo-src",
        "nix-lefthook-tdd-order-bats-src": "nix-lefthook-tdd-order-bats-src",
        "nix-lefthook-trailing-whitespace-src": "nix-lefthook-trailing-whitespace-src",
        "nix-lefthook-typos-src": "nix-lefthook-typos-src",
        "nix-lefthook-unicode-lint-src": "nix-lefthook-unicode-lint-src",
        "nix-lefthook-yamllint-src": "nix-lefthook-yamllint-src",
        "nixpkgs": [
          "nixpkgs-lock",
          "nixpkgs"
        ],
        "nixpkgs-lock": "nixpkgs-lock"
      }
    }
  },
  "root": "root",
  "version": 7
}
