{
  "nodes": {
    "nix-lefthook": {
      "inputs": {
        "nix-lefthook-deadnix-src": "nix-lefthook-deadnix-src",
        "nix-lefthook-editorconfig-checker-src": "nix-lefthook-editorconfig-checker-src",
        "nix-lefthook-git-conflict-markers-src": "nix-lefthook-git-conflict-markers-src",
        "nix-lefthook-git-no-local-paths-src": "nix-lefthook-git-no-local-paths-src",
        "nix-lefthook-gitleaks-src": "nix-lefthook-gitleaks-src",
        "nix-lefthook-markdownlint-agentic-src": "nix-lefthook-markdownlint-agentic-src",
        "nix-lefthook-missing-final-newline-src": "nix-lefthook-missing-final-newline-src",
        "nix-lefthook-nix-no-embedded-shell-src": "nix-lefthook-nix-no-embedded-shell-src",
        "nix-lefthook-nixfmt-src": "nix-lefthook-nixfmt-src",
        "nix-lefthook-shellcheck-src": "nix-lefthook-shellcheck-src",
        "nix-lefthook-shfmt-src": "nix-lefthook-shfmt-src",
        "nix-lefthook-statix-src": "nix-lefthook-statix-src",
        "nix-lefthook-taplo-src": "nix-lefthook-taplo-src",
        "nix-lefthook-trailing-whitespace-src": "nix-lefthook-trailing-whitespace-src",
        "nix-lefthook-typos-src": "nix-lefthook-typos-src",
        "nix-lefthook-yamllint-src": "nix-lefthook-yamllint-src",
        "nixpkgs": [
          "nixpkgs"
        ]
      },
      "locked": {
        "lastModified": 1780735618,
        "narHash": "sha256-NEf4vVgRF+1fpQ2Pc8D+0bG5YlMRGSUKUlNcvQXERsc=",
        "owner": "pr0d1r2",
        "repo": "nix-lefthook",
        "rev": "ccae5137398e15c087995e1e93cc1e7d38bdcd30",
        "type": "github"
      },
      "original": {
        "owner": "pr0d1r2",
        "repo": "nix-lefthook",
        "type": "github"
      }
    },
    "nix-lefthook-ascii-only-src": {
      "flake": false,
      "locked": {
        "lastModified": 1779717264,
        "narHash": "sha256-vPi+TGcWJ6197M3TICBG2ieeXhBabsBFZSsxX6XvYOs=",
        "owner": "pr0d1r2",
        "repo": "nix-lefthook-ascii-only",
        "rev": "63483e306d2067dfe226c3915e6972f517416dab",
        "type": "github"
      },
      "original": {
        "owner": "pr0d1r2",
        "repo": "nix-lefthook-ascii-only",
        "type": "github"
      }
    },
    "nix-lefthook-bats-parse-src": {
      "flake": false,
      "locked": {
        "lastModified": 1780976423,
        "narHash": "sha256-m3CfPVFzPi9jlxD4LqQw+xVxHwpahPZ5p7B1hQskYdo=",
        "owner": "pr0d1r2",
        "repo": "nix-lefthook-bats-parse",
        "rev": "0562fd1bcd2d382d01da57bde2b629f39b2d503a",
        "type": "github"
      },
      "original": {
        "owner": "pr0d1r2",
        "repo": "nix-lefthook-bats-parse",
        "type": "github"
      }
    },
    "nix-lefthook-bats-unit-src": {
      "flake": false,
      "locked": {
        "lastModified": 1780849239,
        "narHash": "sha256-g4OoePb0pnf3J9O/LnV/Yudq3Nq6lC3UAXI+Ebop9P0=",
        "owner": "pr0d1r2",
        "repo": "nix-lefthook-bats-unit",
        "rev": "872ed7507d20fd2f03752e8e464b4607db523e07",
        "type": "github"
      },
      "original": {
        "owner": "pr0d1r2",
        "repo": "nix-lefthook-bats-unit",
        "type": "github"
      }
    },
    "nix-lefthook-changelog-touched-src": {
      "flake": false,
      "locked": {
        "lastModified": 1779730529,
        "narHash": "sha256-gr82nB//uXZflVjQ562kNaMR2fMg2tlKuiXy59gYtPc=",
        "owner": "pr0d1r2",
        "repo": "nix-lefthook-changelog-touched",
        "rev": "55fd61942c2a7f2e1aec2002128fc320b662cbdf",
        "type": "github"
      },
      "original": {
        "owner": "pr0d1r2",
        "repo": "nix-lefthook-changelog-touched",
        "type": "github"
      }
    },
    "nix-lefthook-commit-msg-lint-src": {
      "flake": false,
      "locked": {
        "lastModified": 1779722372,
        "narHash": "sha256-PnBsPHNKizkp/qFzAE7Te9CQTXWumdWaY7/RbxjR6Eg=",
        "owner": "pr0d1r2",
        "repo": "nix-lefthook-commit-msg-lint",
        "rev": "21e44be3e6e59857b34c1607e3fd2736d7b1c53a",
        "type": "github"
      },
      "original": {
        "owner": "pr0d1r2",
        "repo": "nix-lefthook-commit-msg-lint",
        "type": "github"
      }
    },
    "nix-lefthook-deadnix-src": {
      "flake": false,
      "locked": {
        "lastModified": 1778738106,
        "narHash": "sha256-AMSdSjQkkzfxr4mfu/alb6I9R5pax/j3xtsVtcIaUyY=",
        "owner": "pr0d1r2",
        "repo": "nix-lefthook-deadnix",
        "rev": "a863ef41280468b97d1a5397605e3b214a54e147",
        "type": "github"
      },
      "original": {
        "owner": "pr0d1r2",
        "repo": "nix-lefthook-deadnix",
        "type": "github"
      }
    },
    "nix-lefthook-deadnix-src_2": {
      "flake": false,
      "locked": {
        "lastModified": 1780738126,
        "narHash": "sha256-jLJ4e00IZHIjcbmQ8vIZTSB/vdN7TpQp74S2teujxJw=",
        "owner": "pr0d1r2",
        "repo": "nix-lefthook-deadnix",
        "rev": "8f7698ff13dc4e4fc1157105fb3472bcd19995e5",
        "type": "github"
      },
      "original": {
        "owner": "pr0d1r2",
        "repo": "nix-lefthook-deadnix",
        "type": "github"
      }
    },
    "nix-lefthook-editorconfig-checker-src": {
      "flake": false,
      "locked": {
        "lastModified": 1778738137,
        "narHash": "sha256-+4j2yEeuu+Z2ylf5ZEEooWpgph3KDCeAgZVebWO6ZWM=",
        "owner": "pr0d1r2",
        "repo": "nix-lefthook-editorconfig-checker",
        "rev": "b747a6f5ef4fe9ffe914a61f7122a3ff663cdbbe",
        "type": "github"
      },
      "original": {
        "owner": "pr0d1r2",
        "repo": "nix-lefthook-editorconfig-checker",
        "type": "github"
      }
    },
    "nix-lefthook-editorconfig-checker-src_2": {
      "flake": false,
      "locked": {
        "lastModified": 1779722406,
        "narHash": "sha256-DXZh7OrOMCLh1CrtSuzTMwUxgQGk6pj7Da5AFCK14Es=",
        "owner": "pr0d1r2",
        "repo": "nix-lefthook-editorconfig-checker",
        "rev": "aff15f1c01e7998140237af24258e18bfe930b12",
        "type": "github"
      },
      "original": {
        "owner": "pr0d1r2",
        "repo": "nix-lefthook-editorconfig-checker",
        "type": "github"
      }
    },
    "nix-lefthook-execute-permissions-src": {
      "flake": false,
      "locked": {
        "lastModified": 1779722430,
        "narHash": "sha256-mjDuQ8eofD0byajlGN5fazhpacZHpHculjT2u+5huL8=",
        "owner": "pr0d1r2",
        "repo": "nix-lefthook-execute-permissions",
        "rev": "5298765a57e7c080fbdd1e9f760f09779a07d136",
        "type": "github"
      },
      "original": {
        "owner": "pr0d1r2",
        "repo": "nix-lefthook-execute-permissions",
        "type": "github"
      }
    },
    "nix-lefthook-file-size-check-src": {
      "flake": false,
      "locked": {
        "lastModified": 1780828050,
        "narHash": "sha256-2yK4ueOpXyXYT4hqhVYbRAAdRnlsDpQuO+XT6cR9ack=",
        "owner": "pr0d1r2",
        "repo": "nix-lefthook-file-size-check",
        "rev": "f30fa4c19aaf68f1e9ad831d2b8e62863a3b6eb0",
        "type": "github"
      },
      "original": {
        "owner": "pr0d1r2",
        "repo": "nix-lefthook-file-size-check",
        "type": "github"
      }
    },
    "nix-lefthook-git-conflict-markers-src": {
      "flake": false,
      "locked": {
        "lastModified": 1778738196,
        "narHash": "sha256-35lwyRd3sch3iKGKVN+KW21W4yOwWdZV7IlyrK2LA3w=",
        "owner": "pr0d1r2",
        "repo": "nix-lefthook-git-conflict-markers",
        "rev": "a74e1044189f37dd210c66868e4021f566748e75",
        "type": "github"
      },
      "original": {
        "owner": "pr0d1r2",
        "repo": "nix-lefthook-git-conflict-markers",
        "type": "github"
      }
    },
    "nix-lefthook-git-conflict-markers-src_2": {
      "flake": false,
      "locked": {
        "lastModified": 1779722465,
        "narHash": "sha256-1cow5b6zgJJOORekLMqhaEpivkoH7wJGZG131KyYU0k=",
        "owner": "pr0d1r2",
        "repo": "nix-lefthook-git-conflict-markers",
        "rev": "8f8674218f2636b0c3f7260bc2e9158483d08a04",
        "type": "github"
      },
      "original": {
        "owner": "pr0d1r2",
        "repo": "nix-lefthook-git-conflict-markers",
        "type": "github"
      }
    },
    "nix-lefthook-git-no-local-paths-src": {
      "flake": false,
      "locked": {
        "lastModified": 1778738211,
        "narHash": "sha256-nj70pRzKg2Olcra2Asr8hbsXRZ9O8dsavIYsfZUratQ=",
        "owner": "pr0d1r2",
        "repo": "nix-lefthook-git-no-local-paths",
        "rev": "093c7d64e6e523a73fdc3517cbb79bd910d8c30f",
        "type": "github"
      },
      "original": {
        "owner": "pr0d1r2",
        "repo": "nix-lefthook-git-no-local-paths",
        "type": "github"
      }
    },
    "nix-lefthook-git-no-local-paths-src_2": {
      "flake": false,
      "locked": {
        "lastModified": 1779722478,
        "narHash": "sha256-Oos8EtnlfA7PVeBhvH9B5eW4QuhoE9BhbQvn/HOXaGY=",
        "owner": "pr0d1r2",
        "repo": "nix-lefthook-git-no-local-paths",
        "rev": "f89752fe6ea01d9c5f9af3fefe81e37582985955",
        "type": "github"
      },
      "original": {
        "owner": "pr0d1r2",
        "repo": "nix-lefthook-git-no-local-paths",
        "type": "github"
      }
    },
    "nix-lefthook-gitleaks-src": {
      "flake": false,
      "locked": {
        "lastModified": 1778738230,
        "narHash": "sha256-fb5j56jPmThl2E/z93y+O2TLn/zD1pBe594a3/YxnQE=",
        "owner": "pr0d1r2",
        "repo": "nix-lefthook-gitleaks",
        "rev": "20112db4a501f8a7118fe6680cfec99ffcdb0d80",
        "type": "github"
      },
      "original": {
        "owner": "pr0d1r2",
        "repo": "nix-lefthook-gitleaks",
        "type": "github"
      }
    },
    "nix-lefthook-gitleaks-src_2": {
      "flake": false,
      "locked": {
        "lastModified": 1779722490,
        "narHash": "sha256-KWBbwYYqo6uQzgZw7vy9WY0qaiy5+6qj/HAu7wQIB7k=",
        "owner": "pr0d1r2",
        "repo": "nix-lefthook-gitleaks",
        "rev": "1d675f0c23505dd75eebc0bae821754a69a520f2",
        "type": "github"
      },
      "original": {
        "owner": "pr0d1r2",
        "repo": "nix-lefthook-gitleaks",
        "type": "github"
      }
    },
    "nix-lefthook-markdownlint-agentic-src": {
      "flake": false,
      "locked": {
        "lastModified": 1779722766,
        "narHash": "sha256-eaMmLRiJEj+uP8SvIU3xxIxMWCy7NsM/14zIepndgZk=",
        "owner": "pr0d1r2",
        "repo": "nix-lefthook-markdownlint-agentic",
        "rev": "c88a45566e2bacf6ddbafe13619a074b8a2d80c4",
        "type": "github"
      },
      "original": {
        "owner": "pr0d1r2",
        "repo": "nix-lefthook-markdownlint-agentic",
        "type": "github"
      }
    },
    "nix-lefthook-markdownlint-agentic-src_2": {
      "flake": false,
      "locked": {
        "lastModified": 1779722766,
        "narHash": "sha256-eaMmLRiJEj+uP8SvIU3xxIxMWCy7NsM/14zIepndgZk=",
        "owner": "pr0d1r2",
        "repo": "nix-lefthook-markdownlint-agentic",
        "rev": "c88a45566e2bacf6ddbafe13619a074b8a2d80c4",
        "type": "github"
      },
      "original": {
        "owner": "pr0d1r2",
        "repo": "nix-lefthook-markdownlint-agentic",
        "type": "github"
      }
    },
    "nix-lefthook-markdownlint-src": {
      "flake": false,
      "locked": {
        "lastModified": 1780942786,
        "narHash": "sha256-dLuPJZ9g9rK2TXgKJyTGiICiOKxofxHTH82AmK9OTa8=",
        "owner": "pr0d1r2",
        "repo": "nix-lefthook-markdownlint",
        "rev": "c5bc0b679259bbdb56d32a80d744e25d21a6b627",
        "type": "github"
      },
      "original": {
        "owner": "pr0d1r2",
        "repo": "nix-lefthook-markdownlint",
        "type": "github"
      }
    },
    "nix-lefthook-missing-final-newline-src": {
      "flake": false,
      "locked": {
        "lastModified": 1778738318,
        "narHash": "sha256-1+rIl1PJ1BMH30NVEgDc1cBnnE+kPmAX/hanrgKkDDs=",
        "owner": "pr0d1r2",
        "repo": "nix-lefthook-missing-final-newline",
        "rev": "60f76d1f6ca7a4d761109538e4355f8d91aae44b",
        "type": "github"
      },
      "original": {
        "owner": "pr0d1r2",
        "repo": "nix-lefthook-missing-final-newline",
        "type": "github"
      }
    },
    "nix-lefthook-missing-final-newline-src_2": {
      "flake": false,
      "locked": {
        "lastModified": 1779722778,
        "narHash": "sha256-pDxirhLprDLgiQ+Li9+SzvRKM3YUc/66c4p4OasJsp0=",
        "owner": "pr0d1r2",
        "repo": "nix-lefthook-missing-final-newline",
        "rev": "c4f00e74b9bdcd51e7dbcc551b2d37456a837406",
        "type": "github"
      },
      "original": {
        "owner": "pr0d1r2",
        "repo": "nix-lefthook-missing-final-newline",
        "type": "github"
      }
    },
    "nix-lefthook-narrow-language-src": {
      "flake": false,
      "locked": {
        "lastModified": 1782416798,
        "narHash": "sha256-vBDkMadnmihjm184UwOQ9wF9pvGGS4LauxSaKu7EPa8=",
        "owner": "pr0d1r2",
        "repo": "nix-lefthook-narrow-language",
        "rev": "7826da5bca1f91521c3f80114cad74261bac3a04",
        "type": "github"
      },
      "original": {
        "owner": "pr0d1r2",
        "repo": "nix-lefthook-narrow-language",
        "type": "github"
      }
    },
    "nix-lefthook-nix-flake-check-src": {
      "flake": false,
      "locked": {
        "lastModified": 1780739581,
        "narHash": "sha256-tKK1OikO7+7wSuBwx4wwXRSXDURDvsJjp1PmmcUXkPY=",
        "owner": "pr0d1r2",
        "repo": "nix-lefthook-nix-flake-check",
        "rev": "324297273b97a1de374b324e37d4c25de84b6f33",
        "type": "github"
      },
      "original": {
        "owner": "pr0d1r2",
        "repo": "nix-lefthook-nix-flake-check",
        "type": "github"
      }
    },
    "nix-lefthook-nix-flake-eval-src": {
      "flake": false,
      "locked": {
        "lastModified": 1780642340,
        "narHash": "sha256-qTCDJhhd3rU/qMl+Pbt+quXXTjfbsA/tWpl30IdO3PQ=",
        "owner": "pr0d1r2",
        "repo": "nix-lefthook-nix-flake-eval",
        "rev": "558a9ea72a68c5da185900ab8f3c3ad6d068e133",
        "type": "github"
      },
      "original": {
        "owner": "pr0d1r2",
        "repo": "nix-lefthook-nix-flake-eval",
        "type": "github"
      }
    },
    "nix-lefthook-nix-no-embedded-shell-src": {
      "flake": false,
      "locked": {
        "lastModified": 1778736000,
        "narHash": "sha256-mnVZHsinG3BBf/CaeY3tU4UN5ftOfwW1EtxXRE+dvVo=",
        "owner": "pr0d1r2",
        "repo": "nix-lefthook-nix-no-embedded-shell",
        "rev": "7dde136f114e08a0d38e03264460a6918695de6e",
        "type": "github"
      },
      "original": {
        "owner": "pr0d1r2",
        "repo": "nix-lefthook-nix-no-embedded-shell",
        "type": "github"
      }
    },
    "nix-lefthook-nix-no-embedded-shell-src_2": {
      "flake": false,
      "locked": {
        "lastModified": 1779722790,
        "narHash": "sha256-/4vyOVDAR6n+ZgjR76TgQ5BgOwVhtSrxyqvoINI2y9A=",
        "owner": "pr0d1r2",
        "repo": "nix-lefthook-nix-no-embedded-shell",
        "rev": "f5b3fd29449727d2bcde39442de9a487cb7fc0d5",
        "type": "github"
      },
      "original": {
        "owner": "pr0d1r2",
        "repo": "nix-lefthook-nix-no-embedded-shell",
        "type": "github"
      }
    },
    "nix-lefthook-nixfmt-src": {
      "flake": false,
      "locked": {
        "lastModified": 1778738734,
        "narHash": "sha256-D5ltMfGk+8ZKaVX3J0gg9QFjPHo61PNJRlOGYp2MmvU=",
        "owner": "pr0d1r2",
        "repo": "nix-lefthook-nixfmt",
        "rev": "62517819c2e5433938aa88c676fcdabda34f3d44",
        "type": "github"
      },
      "original": {
        "owner": "pr0d1r2",
        "repo": "nix-lefthook-nixfmt",
        "type": "github"
      }
    },
    "nix-lefthook-nixfmt-src_2": {
      "flake": false,
      "locked": {
        "lastModified": 1779722571,
        "narHash": "sha256-0omwmYd3Dqs6OBf476MeV6JPyA4tz8kFXzO5rluww94=",
        "owner": "pr0d1r2",
        "repo": "nix-lefthook-nixfmt",
        "rev": "71e559190fd61df65d51e2e6a804c6ce88347b90",
        "type": "github"
      },
      "original": {
        "owner": "pr0d1r2",
        "repo": "nix-lefthook-nixfmt",
        "type": "github"
      }
    },
    "nix-lefthook-no-shell-functions-src": {
      "flake": false,
      "locked": {
        "lastModified": 1779722584,
        "narHash": "sha256-PPqAEzSV+GrW0PqOw2wvKbym/bMZvDQu0APVAWBwN6w=",
        "owner": "pr0d1r2",
        "repo": "nix-lefthook-no-shell-functions",
        "rev": "e24b575691146a5188123aa088420a4f6ee8547c",
        "type": "github"
      },
      "original": {
        "owner": "pr0d1r2",
        "repo": "nix-lefthook-no-shell-functions",
        "type": "github"
      }
    },
    "nix-lefthook-shellcheck-src": {
      "flake": false,
      "locked": {
        "lastModified": 1778738786,
        "narHash": "sha256-Ysxh+OGdQNsHoDVbmN21xzIQVD7La9XPcgCtj59h0YI=",
        "owner": "pr0d1r2",
        "repo": "nix-lefthook-shellcheck",
        "rev": "6f388ae8656b8a7dc711b666b8d6d145477ee0f4",
        "type": "github"
      },
      "original": {
        "owner": "pr0d1r2",
        "repo": "nix-lefthook-shellcheck",
        "type": "github"
      }
    },
    "nix-lefthook-shellcheck-src_2": {
      "flake": false,
      "locked": {
        "lastModified": 1780738180,
        "narHash": "sha256-SUSFBjX7YhzZxfglmBQMt5bBXnAF273f2V2Nd52Vecs=",
        "owner": "pr0d1r2",
        "repo": "nix-lefthook-shellcheck",
        "rev": "62cc0b34457a121907d82934f44a500cd8ff6f15",
        "type": "github"
      },
      "original": {
        "owner": "pr0d1r2",
        "repo": "nix-lefthook-shellcheck",
        "type": "github"
      }
    },
    "nix-lefthook-shfmt-src": {
      "flake": false,
      "locked": {
        "lastModified": 1778738820,
        "narHash": "sha256-Z7483LVcqNMdk4M7S7E2avjNM+eAF8tOvlt1gP3FzPA=",
        "owner": "pr0d1r2",
        "repo": "nix-lefthook-shfmt",
        "rev": "b713a38e7fd53f006b2bcc9bd21b23db2602791a",
        "type": "github"
      },
      "original": {
        "owner": "pr0d1r2",
        "repo": "nix-lefthook-shfmt",
        "type": "github"
      }
    },
    "nix-lefthook-shfmt-src_2": {
      "flake": false,
      "locked": {
        "lastModified": 1780738408,
        "narHash": "sha256-eNc8VJCZwlNNfX2zw1jflTv0TpN1Iz/EF3vrCvgyExc=",
        "owner": "pr0d1r2",
        "repo": "nix-lefthook-shfmt",
        "rev": "ae52f6878b50aedd69e4cab95843b244e3230930",
        "type": "github"
      },
      "original": {
        "owner": "pr0d1r2",
        "repo": "nix-lefthook-shfmt",
        "type": "github"
      }
    },
    "nix-lefthook-statix-src": {
      "flake": false,
      "locked": {
        "lastModified": 1778738802,
        "narHash": "sha256-lGdhijvVn5smFjYca7vU4fzXFpupNsdF7t82g5Gfl/g=",
        "owner": "pr0d1r2",
        "repo": "nix-lefthook-statix",
        "rev": "0094353d8aeffcf73c7e0ab37106005c9684cd28",
        "type": "github"
      },
      "original": {
        "owner": "pr0d1r2",
        "repo": "nix-lefthook-statix",
        "type": "github"
      }
    },
    "nix-lefthook-statix-src_2": {
      "flake": false,
      "locked": {
        "lastModified": 1780738527,
        "narHash": "sha256-HJWgf4EKgJpFhBpVy8mW7sHR532bV3XZtlJGiZ9M32k=",
        "owner": "pr0d1r2",
        "repo": "nix-lefthook-statix",
        "rev": "4e5276ddd7597d08ff80e79fa9f46106fecb1c81",
        "type": "github"
      },
      "original": {
        "owner": "pr0d1r2",
        "repo": "nix-lefthook-statix",
        "type": "github"
      }
    },
    "nix-lefthook-taplo-src": {
      "flake": false,
      "locked": {
        "lastModified": 1779722651,
        "narHash": "sha256-6vxxLTRuuamJ88Pm0uUnvf4M4XpSs3neINqANRFM5nA=",
        "owner": "pr0d1r2",
        "repo": "nix-lefthook-taplo",
        "rev": "4476048921b418ceef776734425cf2f760dee185",
        "type": "github"
      },
      "original": {
        "owner": "pr0d1r2",
        "repo": "nix-lefthook-taplo",
        "type": "github"
      }
    },
    "nix-lefthook-trailing-whitespace-src": {
      "flake": false,
      "locked": {
        "lastModified": 1778817011,
        "narHash": "sha256-SfuAU99CFOJGIb/iRNproj0hqIPaRCpcDuE9wOwi2ks=",
        "owner": "pr0d1r2",
        "repo": "nix-lefthook-trailing-whitespace",
        "rev": "e01702e554298ebb01c3b61eb3d05fca0db7132d",
        "type": "github"
      },
      "original": {
        "owner": "pr0d1r2",
        "repo": "nix-lefthook-trailing-whitespace",
        "type": "github"
      }
    },
    "nix-lefthook-trailing-whitespace-src_2": {
      "flake": false,
      "locked": {
        "lastModified": 1779722698,
        "narHash": "sha256-t98evkSAyNJXjLWV7m5hB8krxxQB9kEXNb4onYX+1aM=",
        "owner": "pr0d1r2",
        "repo": "nix-lefthook-trailing-whitespace",
        "rev": "1bd2ea74e96b44406acadce99e8f58e3cc09ac92",
        "type": "github"
      },
      "original": {
        "owner": "pr0d1r2",
        "repo": "nix-lefthook-trailing-whitespace",
        "type": "github"
      }
    },
    "nix-lefthook-typos-src": {
      "flake": false,
      "locked": {
        "lastModified": 1778738875,
        "narHash": "sha256-3MsmL00nlgxcatJrhI/IHbeKYwMOI5oBRUFU8JCLfPY=",
        "owner": "pr0d1r2",
        "repo": "nix-lefthook-typos",
        "rev": "d5c2e67e9a36233c33adadea353cddc24d098682",
        "type": "github"
      },
      "original": {
        "owner": "pr0d1r2",
        "repo": "nix-lefthook-typos",
        "type": "github"
      }
    },
    "nix-lefthook-typos-src_2": {
      "flake": false,
      "locked": {
        "lastModified": 1779722709,
        "narHash": "sha256-tGMq+h/NrRpXSvXgzyMd3nismlNN1YEZA/jf5aXvmEE=",
        "owner": "pr0d1r2",
        "repo": "nix-lefthook-typos",
        "rev": "ece23959b9857d6a5ecfe4a640ad4f78362d4268",
        "type": "github"
      },
      "original": {
        "owner": "pr0d1r2",
        "repo": "nix-lefthook-typos",
        "type": "github"
      }
    },
    "nix-lefthook-unicode-lint-src": {
      "flake": false,
      "locked": {
        "lastModified": 1779722721,
        "narHash": "sha256-Fhrr/xLT0dMahmfQHFH/VQwQddomtbsEQvgbvV8AaMo=",
        "owner": "pr0d1r2",
        "repo": "nix-lefthook-unicode-lint",
        "rev": "3a755c75035a43f76fbfc7ce7572e37069c488cd",
        "type": "github"
      },
      "original": {
        "owner": "pr0d1r2",
        "repo": "nix-lefthook-unicode-lint",
        "type": "github"
      }
    },
    "nix-lefthook-yamllint-src": {
      "flake": false,
      "locked": {
        "lastModified": 1778738889,
        "narHash": "sha256-LulwSDwAqruo+ZtIuDRp0n8Q4MPx5aEsQ+VDXV1bsNw=",
        "owner": "pr0d1r2",
        "repo": "nix-lefthook-yamllint",
        "rev": "9101cd650f47da39650645a760ccef07f2b69353",
        "type": "github"
      },
      "original": {
        "owner": "pr0d1r2",
        "repo": "nix-lefthook-yamllint",
        "type": "github"
      }
    },
    "nix-lefthook-yamllint-src_2": {
      "flake": false,
      "locked": {
        "lastModified": 1780947951,
        "narHash": "sha256-we2ysuSLNWGJCxd6CxysoiyQ+4ngmw6YvOzxURygNc4=",
        "owner": "pr0d1r2",
        "repo": "nix-lefthook-yamllint",
        "rev": "fd01d073f7fa85a61b7185c27d5b2037ca19790a",
        "type": "github"
      },
      "original": {
        "owner": "pr0d1r2",
        "repo": "nix-lefthook-yamllint",
        "type": "github"
      }
    },
    "nixpkgs": {
      "locked": {
        "lastModified": 1780511130,
        "narHash": "sha256-2v9lT4ya59Lh1FqPeLnz1MoX9y/wz2huqfe9RtQZITk=",
        "owner": "NixOS",
        "repo": "nixpkgs",
        "rev": "535f3e6942cb1cead3929c604320d3db54b542b9",
        "type": "github"
      },
      "original": {
        "owner": "NixOS",
        "ref": "nixos-25.11",
        "repo": "nixpkgs",
        "type": "github"
      }
    },
    "nixpkgs-lock": {
      "inputs": {
        "nixpkgs": "nixpkgs"
      },
      "locked": {
        "lastModified": 1780819359,
        "narHash": "sha256-yW2lHrCzE10YRjZCjAwbC5aiXfMoT9nyGaP0QP8lvPI=",
        "owner": "pr0d1r2",
        "repo": "nixpkgs-lock",
        "rev": "e5e8e199b6108c05a4af6ecca164d6c0c0824ccf",
        "type": "github"
      },
      "original": {
        "owner": "pr0d1r2",
        "repo": "nixpkgs-lock",
        "type": "github"
      }
    },
    "root": {
      "inputs": {
        "nix-lefthook": "nix-lefthook",
        "nix-lefthook-ascii-only-src": "nix-lefthook-ascii-only-src",
        "nix-lefthook-bats-parse-src": "nix-lefthook-bats-parse-src",
        "nix-lefthook-bats-unit-src": "nix-lefthook-bats-unit-src",
        "nix-lefthook-changelog-touched-src": "nix-lefthook-changelog-touched-src",
        "nix-lefthook-commit-msg-lint-src": "nix-lefthook-commit-msg-lint-src",
        "nix-lefthook-deadnix-src": "nix-lefthook-deadnix-src_2",
        "nix-lefthook-editorconfig-checker-src": "nix-lefthook-editorconfig-checker-src_2",
        "nix-lefthook-execute-permissions-src": "nix-lefthook-execute-permissions-src",
        "nix-lefthook-file-size-check-src": "nix-lefthook-file-size-check-src",
        "nix-lefthook-git-conflict-markers-src": "nix-lefthook-git-conflict-markers-src_2",
        "nix-lefthook-git-no-local-paths-src": "nix-lefthook-git-no-local-paths-src_2",
        "nix-lefthook-gitleaks-src": "nix-lefthook-gitleaks-src_2",
        "nix-lefthook-markdownlint-agentic-src": "nix-lefthook-markdownlint-agentic-src_2",
        "nix-lefthook-markdownlint-src": "nix-lefthook-markdownlint-src",
        "nix-lefthook-missing-final-newline-src": "nix-lefthook-missing-final-newline-src_2",
        "nix-lefthook-narrow-language-src": "nix-lefthook-narrow-language-src",
        "nix-lefthook-nix-flake-check-src": "nix-lefthook-nix-flake-check-src",
        "nix-lefthook-nix-flake-eval-src": "nix-lefthook-nix-flake-eval-src",
        "nix-lefthook-nix-no-embedded-shell-src": "nix-lefthook-nix-no-embedded-shell-src_2",
        "nix-lefthook-nixfmt-src": "nix-lefthook-nixfmt-src_2",
        "nix-lefthook-no-shell-functions-src": "nix-lefthook-no-shell-functions-src",
        "nix-lefthook-shellcheck-src": "nix-lefthook-shellcheck-src_2",
        "nix-lefthook-shfmt-src": "nix-lefthook-shfmt-src_2",
        "nix-lefthook-statix-src": "nix-lefthook-statix-src_2",
        "nix-lefthook-trailing-whitespace-src": "nix-lefthook-trailing-whitespace-src_2",
        "nix-lefthook-typos-src": "nix-lefthook-typos-src_2",
        "nix-lefthook-unicode-lint-src": "nix-lefthook-unicode-lint-src",
        "nix-lefthook-yamllint-src": "nix-lefthook-yamllint-src_2",
        "nixpkgs": [
          "nixpkgs-lock",
          "nixpkgs"
        ],
        "nixpkgs-lock": "nixpkgs-lock"
      }
    }
  },
  "root": "root",
  "version": 7
}
